
Microsoft Visual Studio Solution File, Format Version 12.00
# Visual Studio Version 17
VisualStudioVersion = 17.9.34607.119
MinimumVisualStudioVersion = 10.0.40219.1
Project("{FAE04EC0-301F-11D3-BF4B-00C04F79EFBC}") = "ikinci_el_backend.WebApi", "ikinci_el_backend.WebApi\ikinci_el_backend.WebApi.csproj", "{1A8EC4B7-3590-4A98-B254-1999ED14A8EB}"
EndProject
Project("{FAE04EC0-301F-11D3-BF4B-00C04F79EFBC}") = "Core", "Core\Core.csproj", "{831799EB-58FE-48BD-B432-3D4B86F99679}"
EndProject
Project("{FAE04EC0-301F-11D3-BF4B-00C04F79EFBC}") = "ikinci_el_backend.Models", "ikinci_el_backend.Models\ikinci_el_backend.Models.csproj", "{10ACC444-C84D-4FAE-A795-632711902507}"
EndProject
Project("{FAE04EC0-301F-11D3-BF4B-00C04F79EFBC}") = "ikinci_el_backend.Repository", "ikinci_el_backend.Repository\ikinci_el_backend.Repository.csproj", "{0D9CF9B1-883E-4BD9-9A82-87CF1855B08D}"
EndProject
Project("{FAE04EC0-301F-11D3-BF4B-00C04F79EFBC}") = "ikinci_el_backend.Service", "ikinci_el_backend.Service\ikinci_el_backend.Service.csproj", "{EA5AD222-A532-459C-B678-ED6210D44790}"
EndProject
Global
	GlobalSection(SolutionConfigurationPlatforms) = preSolution
		Debug|Any CPU = Debug|Any CPU
		Release|Any CPU = Release|Any CPU
	EndGlobalSection
	GlobalSection(ProjectConfigurationPlatforms) = postSolution
		{1A8EC4B7-3590-4A98-B254-1999ED14A8EB}.Debug|Any CPU.ActiveCfg = Debug|Any CPU
		{1A8EC4B7-3590-4A98-B254-1999ED14A8EB}.Debug|Any CPU.Build.0 = Debug|Any CPU
		{1A8EC4B7-3590-4A98-B254-1999ED14A8EB}.Release|Any CPU.ActiveCfg = Release|Any CPU
		{1A8EC4B7-3590-4A98-B254-1999ED14A8EB}.Release|Any CPU.Build.0 = Release|Any CPU
		{831799EB-58FE-48BD-B432-3D4B86F99679}.Debug|Any CPU.ActiveCfg = Debug|Any CPU
		{831799EB-58FE-48BD-B432-3D4B86F99679}.Debug|Any CPU.Build.0 = Debug|Any CPU
		{831799EB-58FE-48BD-B432-3D4B86F99679}.Release|Any CPU.ActiveCfg = Release|Any CPU
		{831799EB-58FE-48BD-B432-3D4B86F99679}.Release|Any CPU.Build.0 = Release|Any CPU
		{10ACC444-C84D-4FAE-A795-632711902507}.Debug|Any CPU.ActiveCfg = Debug|Any CPU
		{10ACC444-C84D-4FAE-A795-632711902507}.Debug|Any CPU.Build.0 = Debug|Any CPU
		{10ACC444-C84D-4FAE-A795-632711902507}.Release|Any CPU.ActiveCfg = Release|Any CPU
		{10ACC444-C84D-4FAE-A795-632711902507}.Release|Any CPU.Build.0 = Release|Any CPU
		{0D9CF9B1-883E-4BD9-9A82-87CF1855B08D}.Debug|Any CPU.ActiveCfg = Debug|Any CPU
		{0D9CF9B1-883E-4BD9-9A82-87CF1855B08D}.Debug|Any CPU.Build.0 = Debug|Any CPU
		{0D9CF9B1-883E-4BD9-9A82-87CF1855B08D}.Release|Any CPU.ActiveCfg = Release|Any CPU
		{0D9CF9B1-883E-4BD9-9A82-87CF1855B08D}.Release|Any CPU.Build.0 = Release|Any CPU
		{EA5AD222-A532-459C-B678-ED6210D44790}.Debug|Any CPU.ActiveCfg = Debug|Any CPU
		{EA5AD222-A532-459C-B678-ED6210D44790}.Debug|Any CPU.Build.0 = Debug|Any CPU
		{EA5AD222-A532-459C-B678-ED6210D44790}.Release|Any CPU.ActiveCfg = Release|Any CPU
		{EA5AD222-A532-459C-B678-ED6210D44790}.Release|Any CPU.Build.0 = Release|Any CPU
	EndGlobalSection
	GlobalSection(SolutionProperties) = preSolution
		HideSolutionNode = FALSE
	EndGlobalSection
	GlobalSection(ExtensibilityGlobals) = postSolution
		SolutionGuid = {5518678C-E67E-4869-B7CC-544778EB76AE}
	EndGlobalSection
EndGlobal
